// !$*UTF8*$!
{
	archiveVersion = 1;
	classes = {
	};
	objectVersion = 51;
	objects = {

/* Begin PBXBuildFile section */
		71CDA967D6E642ACC751A020 /* Pods_Wiki_PracUITests.framework in Frameworks */ = {isa = PBXBuildFile; fileRef = C3926E5979DBC44300E42B04 /* Pods_Wiki_PracUITests.framework */; };
		92E02986DD57473197AFE51F /* Pods_Wiki_PracTests.framework in Frameworks */ = {isa = PBXBuildFile; fileRef = 414DAAF37B01193B0E3DD013 /* Pods_Wiki_PracTests.framework */; };
		B294B10622ABE70C002EDF4F /* AppDelegate.swift in Sources */ = {isa = PBXBuildFile; fileRef = B294B10522ABE70C002EDF4F /* AppDelegate.swift */; };
		B294B10B22ABE70C002EDF4F /* Main.storyboard in Resources */ = {isa = PBXBuildFile; fileRef = B294B10922ABE70C002EDF4F /* Main.storyboard */; };
		B294B10D22ABE70D002EDF4F /* Assets.xcassets in Resources */ = {isa = PBXBuildFile; fileRef = B294B10C22ABE70D002EDF4F /* Assets.xcassets */; };
		B294B11022ABE70D002EDF4F /* LaunchScreen.storyboard in Resources */ = {isa = PBXBuildFile; fileRef = B294B10E22ABE70D002EDF4F /* LaunchScreen.storyboard */; };
		B294B11B22ABE70E002EDF4F /* Wiki_PracTests.swift in Sources */ = {isa = PBXBuildFile; fileRef = B294B11A22ABE70E002EDF4F /* Wiki_PracTests.swift */; };
		B294B12622ABE70E002EDF4F /* Wiki_PracUITests.swift in Sources */ = {isa = PBXBuildFile; fileRef = B294B12522ABE70E002EDF4F /* Wiki_PracUITests.swift */; };
		B2F0148422ABE94000FAD900 /* WikipediaSearchViewController.swift in Sources */ = {isa = PBXBuildFile; fileRef = B2F0148322ABE94000FAD900 /* WikipediaSearchViewController.swift */; };
		B2F0148622ABEAEB00FAD900 /* WikipediaSearchViewModel.swift in Sources */ = {isa = PBXBuildFile; fileRef = B2F0148522ABEAEB00FAD900 /* WikipediaSearchViewModel.swift */; };
		B2F0148822ABEB7500FAD900 /* WikipediaSearchResponse.swift in Sources */ = {isa = PBXBuildFile; fileRef = B2F0148722ABEB7500FAD900 /* WikipediaSearchResponse.swift */; };
		B2F0148A22ABF0A100FAD900 /* WikipediaAPI.swift in Sources */ = {isa = PBXBuildFile; fileRef = B2F0148922ABF0A100FAD900 /* WikipediaAPI.swift */; };
		B2F0148C22ACE7A400FAD900 /* ObservableType+ex.swift in Sources */ = {isa = PBXBuildFile; fileRef = B2F0148B22ACE7A400FAD900 /* ObservableType+ex.swift */; };
		B2F0148E22ACEF1E00FAD900 /* WikipediaSearchResultDecodableTests.swift in Sources */ = {isa = PBXBuildFile; fileRef = B2F0148D22ACEF1E00FAD900 /* WikipediaSearchResultDecodableTests.swift */; };
		B2F0149022ACF24D00FAD900 /* MockWikipediaAPI.swift in Sources */ = {isa = PBXBuildFile; fileRef = B2F0148F22ACF24D00FAD900 /* MockWikipediaAPI.swift */; };
		B2F0149222ACF35300FAD900 /* ViewModelTests.swift in Sources */ = {isa = PBXBuildFile; fileRef = B2F0149122ACF35300FAD900 /* ViewModelTests.swift */; };
		FA1B4E30F38881C5DDA0A750 /* Pods_Wiki_Prac.framework in Frameworks */ = {isa = PBXBuildFile; fileRef = C10E8F6EB9758D54D0C0E7CB /* Pods_Wiki_Prac.framework */; };
/* End PBXBuildFile section */

/* Begin PBXContainerItemProxy section */
		B294B11722ABE70E002EDF4F /* PBXContainerItemProxy */ = {
			isa = PBXContainerItemProxy;
			containerPortal = B294B0FA22ABE70C002EDF4F /* Project object */;
			proxyType = 1;
			remoteGlobalIDString = B294B10122ABE70C002EDF4F;
			remoteInfo = "Wiki-Prac";
		};
		B294B12222ABE70E002EDF4F /* PBXContainerItemProxy */ = {
			isa = PBXContainerItemProxy;
			containerPortal = B294B0FA22ABE70C002EDF4F /* Project object */;
			proxyType = 1;
			remoteGlobalIDString = B294B10122ABE70C002EDF4F;
			remoteInfo = "Wiki-Prac";
		};
/* End PBXContainerItemProxy section */

/* Begin PBXFileReference section */
		11ACB49A6CD2EF18EB1B4962 /* Pods-Wiki-Prac-Wiki-PracUITests.release.xcconfig */ = {isa = PBXFileReference; includeInIndex = 1; lastKnownFileType = text.xcconfig; name = "Pods-Wiki-Prac-Wiki-PracUITests.release.xcconfig"; path = "Target Support Files/Pods-Wiki-Prac-Wiki-PracUITests/Pods-Wiki-Prac-Wiki-PracUITests.release.xcconfig"; sourceTree = "<group>"; };
		3CEA7BBFFA710FA1249DE2E0 /* Pods-Wiki-PracUITests.release.xcconfig */ = {isa = PBXFileReference; includeInIndex = 1; lastKnownFileType = text.xcconfig; name = "Pods-Wiki-PracUITests.release.xcconfig"; path = "Target Support Files/Pods-Wiki-PracUITests/Pods-Wiki-PracUITests.release.xcconfig"; sourceTree = "<group>"; };
		414DAAF37B01193B0E3DD013 /* Pods_Wiki_PracTests.framework */ = {isa = PBXFileReference; explicitFileType = wrapper.framework; includeInIndex = 0; path = Pods_Wiki_PracTests.framework; sourceTree = BUILT_PRODUCTS_DIR; };
		73D501FAF723905EB18E0102 /* Pods-Wiki-Prac.release.xcconfig */ = {isa = PBXFileReference; includeInIndex = 1; lastKnownFileType = text.xcconfig; name = "Pods-Wiki-Prac.release.xcconfig"; path = "Target Support Files/Pods-Wiki-Prac/Pods-Wiki-Prac.release.xcconfig"; sourceTree = "<group>"; };
		92D238A84B1481B73F9CF723 /* Pods-Wiki-Prac-Wiki-PracTests.release.xcconfig */ = {isa = PBXFileReference; includeInIndex = 1; lastKnownFileType = text.xcconfig; name = "Pods-Wiki-Prac-Wiki-PracTests.release.xcconfig"; path = "Target Support Files/Pods-Wiki-Prac-Wiki-PracTests/Pods-Wiki-Prac-Wiki-PracTests.release.xcconfig"; sourceTree = "<group>"; };
		A6F1FC55FF81AC79AA745186 /* Pods-Wiki-PracUITests.debug.xcconfig */ = {isa = PBXFileReference; includeInIndex = 1; lastKnownFileType = text.xcconfig; name = "Pods-Wiki-PracUITests.debug.xcconfig"; path = "Target Support Files/Pods-Wiki-PracUITests/Pods-Wiki-PracUITests.debug.xcconfig"; sourceTree = "<group>"; };
		B294B10222ABE70C002EDF4F /* Wiki-Prac.app */ = {isa = PBXFileReference; explicitFileType = wrapper.application; includeInIndex = 0; path = "Wiki-Prac.app"; sourceTree = BUILT_PRODUCTS_DIR; };
		B294B10522ABE70C002EDF4F /* AppDelegate.swift */ = {isa = PBXFileReference; lastKnownFileType = sourcecode.swift; path = AppDelegate.swift; sourceTree = "<group>"; };
		B294B10A22ABE70C002EDF4F /* Base */ = {isa = PBXFileReference; lastKnownFileType = file.storyboard; name = Base; path = Base.lproj/Main.storyboard; sourceTree = "<group>"; };
		B294B10C22ABE70D002EDF4F /* Assets.xcassets */ = {isa = PBXFileReference; lastKnownFileType = folder.assetcatalog; path = Assets.xcassets; sourceTree = "<group>"; };
		B294B10F22ABE70D002EDF4F /* Base */ = {isa = PBXFileReference; lastKnownFileType = file.storyboard; name = Base; path = Base.lproj/LaunchScreen.storyboard; sourceTree = "<group>"; };
		B294B11122ABE70D002EDF4F /* Info.plist */ = {isa = PBXFileReference; lastKnownFileType = text.plist.xml; path = Info.plist; sourceTree = "<group>"; };
		B294B11622ABE70E002EDF4F /* Wiki-PracTests.xctest */ = {isa = PBXFileReference; explicitFileType = wrapper.cfbundle; includeInIndex = 0; path = "Wiki-PracTests.xctest"; sourceTree = BUILT_PRODUCTS_DIR; };
		B294B11A22ABE70E002EDF4F /* Wiki_PracTests.swift */ = {isa = PBXFileReference; lastKnownFileType = sourcecode.swift; path = Wiki_PracTests.swift; sourceTree = "<group>"; };
		B294B11C22ABE70E002EDF4F /* Info.plist */ = {isa = PBXFileReference; lastKnownFileType = text.plist.xml; path = Info.plist; sourceTree = "<group>"; };
		B294B12122ABE70E002EDF4F /* Wiki-PracUITests.xctest */ = {isa = PBXFileReference; explicitFileType = wrapper.cfbundle; includeInIndex = 0; path = "Wiki-PracUITests.xctest"; sourceTree = BUILT_PRODUCTS_DIR; };
		B294B12522ABE70E002EDF4F /* Wiki_PracUITests.swift */ = {isa = PBXFileReference; lastKnownFileType = sourcecode.swift; path = Wiki_PracUITests.swift; sourceTree = "<group>"; };
		B294B12722ABE70E002EDF4F /* Info.plist */ = {isa = PBXFileReference; lastKnownFileType = text.plist.xml; path = Info.plist; sourceTree = "<group>"; };
		B2F0148322ABE94000FAD900 /* WikipediaSearchViewController.swift */ = {isa = PBXFileReference; lastKnownFileType = sourcecode.swift; path = WikipediaSearchViewController.swift; sourceTree = "<group>"; };
		B2F0148522ABEAEB00FAD900 /* WikipediaSearchViewModel.swift */ = {isa = PBXFileReference; lastKnownFileType = sourcecode.swift; path = WikipediaSearchViewModel.swift; sourceTree = "<group>"; };
		B2F0148722ABEB7500FAD900 /* WikipediaSearchResponse.swift */ = {isa = PBXFileReference; lastKnownFileType = sourcecode.swift; path = WikipediaSearchResponse.swift; sourceTree = "<group>"; };
		B2F0148922ABF0A100FAD900 /* WikipediaAPI.swift */ = {isa = PBXFileReference; lastKnownFileType = sourcecode.swift; path = WikipediaAPI.swift; sourceTree = "<group>"; };
		B2F0148B22ACE7A400FAD900 /* ObservableType+ex.swift */ = {isa = PBXFileReference; lastKnownFileType = sourcecode.swift; path = "ObservableType+ex.swift"; sourceTree = "<group>"; };
		B2F0148D22ACEF1E00FAD900 /* WikipediaSearchResultDecodableTests.swift */ = {isa = PBXFileReference; lastKnownFileType = sourcecode.swift; path = WikipediaSearchResultDecodableTests.swift; sourceTree = "<group>"; };
		B2F0148F22ACF24D00FAD900 /* MockWikipediaAPI.swift */ = {isa = PBXFileReference; lastKnownFileType = sourcecode.swift; path = MockWikipediaAPI.swift; sourceTree = "<group>"; };
		B2F0149122ACF35300FAD900 /* ViewModelTests.swift */ = {isa = PBXFileReference; lastKnownFileType = sourcecode.swift; path = ViewModelTests.swift; sourceTree = "<group>"; };
		B92C010EC838650C98E4771F /* Pods-Wiki-Prac-Wiki-PracUITests.debug.xcconfig */ = {isa = PBXFileReference; includeInIndex = 1; lastKnownFileType = text.xcconfig; name = "Pods-Wiki-Prac-Wiki-PracUITests.debug.xcconfig"; path = "Target Support Files/Pods-Wiki-Prac-Wiki-PracUITests/Pods-Wiki-Prac-Wiki-PracUITests.debug.xcconfig"; sourceTree = "<group>"; };
		C10E8F6EB9758D54D0C0E7CB /* Pods_Wiki_Prac.framework */ = {isa = PBXFileReference; explicitFileType = wrapper.framework; includeInIndex = 0; path = Pods_Wiki_Prac.framework; sourceTree = BUILT_PRODUCTS_DIR; };
		C3926E5979DBC44300E42B04 /* Pods_Wiki_PracUITests.framework */ = {isa = PBXFileReference; explicitFileType = wrapper.framework; includeInIndex = 0; path = Pods_Wiki_PracUITests.framework; sourceTree = BUILT_PRODUCTS_DIR; };
		D492C0088A283252A47FC053 /* Pods-Wiki-Prac-Wiki-PracTests.debug.xcconfig */ = {isa = PBXFileReference; includeInIndex = 1; lastKnownFileType = text.xcconfig; name = "Pods-Wiki-Prac-Wiki-PracTests.debug.xcconfig"; path = "Target Support Files/Pods-Wiki-Prac-Wiki-PracTests/Pods-Wiki-Prac-Wiki-PracTests.debug.xcconfig"; sourceTree = "<group>"; };
		D57DC2596843454D49E990BD /* Pods-Wiki-PracTests.release.xcconfig */ = {isa = PBXFileReference; includeInIndex = 1; lastKnownFileType = text.xcconfig; name = "Pods-Wiki-PracTests.release.xcconfig"; path = "Target Support Files/Pods-Wiki-PracTests/Pods-Wiki-PracTests.release.xcconfig"; sourceTree = "<group>"; };
		DFB04B68350957D4D467E44E /* Pods-Wiki-Prac.debug.xcconfig */ = {isa = PBXFileReference; includeInIndex = 1; lastKnownFileType = text.xcconfig; name = "Pods-Wiki-Prac.debug.xcconfig"; path = "Target Support Files/Pods-Wiki-Prac/Pods-Wiki-Prac.debug.xcconfig"; sourceTree = "<group>"; };
		EB83CE68442A90BA51E1885C /* Pods-Wiki-PracTests.debug.xcconfig */ = {isa = PBXFileReference; includeInIndex = 1; lastKnownFileType = text.xcconfig; name = "Pods-Wiki-PracTests.debug.xcconfig"; path = "Target Support Files/Pods-Wiki-PracTests/Pods-Wiki-PracTests.debug.xcconfig"; sourceTree = "<group>"; };
/* End PBXFileReference section */

/* Begin PBXFrameworksBuildPhase section */
		B294B0FF22ABE70C002EDF4F /* Frameworks */ = {
			isa = PBXFrameworksBuildPhase;
			buildActionMask = 2147483647;
			files = (
				FA1B4E30F38881C5DDA0A750 /* Pods_Wiki_Prac.framework in Frameworks */,
			);
			runOnlyForDeploymentPostprocessing = 0;
		};
		B294B11322ABE70E002EDF4F /* Frameworks */ = {
			isa = PBXFrameworksBuildPhase;
			buildActionMask = 2147483647;
			files = (
				92E02986DD57473197AFE51F /* Pods_Wiki_PracTests.framework in Frameworks */,
			);
			runOnlyForDeploymentPostprocessing = 0;
		};
		B294B11E22ABE70E002EDF4F /* Frameworks */ = {
			isa = PBXFrameworksBuildPhase;
			buildActionMask = 2147483647;
			files = (
				71CDA967D6E642ACC751A020 /* Pods_Wiki_PracUITests.framework in Frameworks */,
			);
			runOnlyForDeploymentPostprocessing = 0;
		};
/* End PBXFrameworksBuildPhase section */

/* Begin PBXGroup section */
		AC12DB5269857E3B20C8B95F /* Pods */ = {
			isa = PBXGroup;
			children = (
				DFB04B68350957D4D467E44E /* Pods-Wiki-Prac.debug.xcconfig */,
				73D501FAF723905EB18E0102 /* Pods-Wiki-Prac.release.xcconfig */,
				EB83CE68442A90BA51E1885C /* Pods-Wiki-PracTests.debug.xcconfig */,
				D57DC2596843454D49E990BD /* Pods-Wiki-PracTests.release.xcconfig */,
				A6F1FC55FF81AC79AA745186 /* Pods-Wiki-PracUITests.debug.xcconfig */,
				3CEA7BBFFA710FA1249DE2E0 /* Pods-Wiki-PracUITests.release.xcconfig */,
				D492C0088A283252A47FC053 /* Pods-Wiki-Prac-Wiki-PracTests.debug.xcconfig */,
				92D238A84B1481B73F9CF723 /* Pods-Wiki-Prac-Wiki-PracTests.release.xcconfig */,
				B92C010EC838650C98E4771F /* Pods-Wiki-Prac-Wiki-PracUITests.debug.xcconfig */,
				11ACB49A6CD2EF18EB1B4962 /* Pods-Wiki-Prac-Wiki-PracUITests.release.xcconfig */,
			);
			path = Pods;
			sourceTree = "<group>";
		};
		B294B0F922ABE70C002EDF4F = {
			isa = PBXGroup;
			children = (
				B294B10422ABE70C002EDF4F /* Wiki-Prac */,
				B294B11922ABE70E002EDF4F /* Wiki-PracTests */,
				B294B12422ABE70E002EDF4F /* Wiki-PracUITests */,
				B294B10322ABE70C002EDF4F /* Products */,
				AC12DB5269857E3B20C8B95F /* Pods */,
				BE0A0CAD1757A130403579B0 /* Frameworks */,
			);
			sourceTree = "<group>";
		};
		B294B10322ABE70C002EDF4F /* Products */ = {
			isa = PBXGroup;
			children = (
				B294B10222ABE70C002EDF4F /* Wiki-Prac.app */,
				B294B11622ABE70E002EDF4F /* Wiki-PracTests.xctest */,
				B294B12122ABE70E002EDF4F /* Wiki-PracUITests.xctest */,
			);
			name = Products;
			sourceTree = "<group>";
		};
		B294B10422ABE70C002EDF4F /* Wiki-Prac */ = {
			isa = PBXGroup;
			children = (
				B294B10522ABE70C002EDF4F /* AppDelegate.swift */,
				B294B10922ABE70C002EDF4F /* Main.storyboard */,
				B294B10C22ABE70D002EDF4F /* Assets.xcassets */,
				B294B10E22ABE70D002EDF4F /* LaunchScreen.storyboard */,
				B294B11122ABE70D002EDF4F /* Info.plist */,
				B2F0148322ABE94000FAD900 /* WikipediaSearchViewController.swift */,
				B2F0148522ABEAEB00FAD900 /* WikipediaSearchViewModel.swift */,
				B2F0148722ABEB7500FAD900 /* WikipediaSearchResponse.swift */,
				B2F0148922ABF0A100FAD900 /* WikipediaAPI.swift */,
				B2F0148F22ACF24D00FAD900 /* MockWikipediaAPI.swift */,
				B2F0148B22ACE7A400FAD900 /* ObservableType+ex.swift */,
			);
			path = "Wiki-Prac";
			sourceTree = "<group>";
		};
		B294B11922ABE70E002EDF4F /* Wiki-PracTests */ = {
			isa = PBXGroup;
			children = (
				B294B11A22ABE70E002EDF4F /* Wiki_PracTests.swift */,
				B2F0148D22ACEF1E00FAD900 /* WikipediaSearchResultDecodableTests.swift */,
				B2F0149122ACF35300FAD900 /* ViewModelTests.swift */,
				B294B11C22ABE70E002EDF4F /* Info.plist */,
			);
			path = "Wiki-PracTests";
			sourceTree = "<group>";
		};
		B294B12422ABE70E002EDF4F /* Wiki-PracUITests */ = {
			isa = PBXGroup;
			children = (
				B294B12522ABE70E002EDF4F /* Wiki_PracUITests.swift */,
				B294B12722ABE70E002EDF4F /* Info.plist */,
			);
			path = "Wiki-PracUITests";
			sourceTree = "<group>";
		};
		BE0A0CAD1757A130403579B0 /* Frameworks */ = {
			isa = PBXGroup;
			children = (
				C10E8F6EB9758D54D0C0E7CB /* Pods_Wiki_Prac.framework */,
				414DAAF37B01193B0E3DD013 /* Pods_Wiki_PracTests.framework */,
				C3926E5979DBC44300E42B04 /* Pods_Wiki_PracUITests.framework */,
			);
			name = Frameworks;
			sourceTree = "<group>";
		};
/* End PBXGroup section */

/* Begin PBXNativeTarget section */
		B294B10122ABE70C002EDF4F /* Wiki-Prac */ = {
			isa = PBXNativeTarget;
			buildConfigurationList = B294B12A22ABE70E002EDF4F /* Build configuration list for PBXNativeTarget "Wiki-Prac" */;
			buildPhases = (
				08AE6B659B746895266C4782 /* [CP] Check Pods Manifest.lock */,
				B294B0FE22ABE70C002EDF4F /* Sources */,
				B294B0FF22ABE70C002EDF4F /* Frameworks */,
				B294B10022ABE70C002EDF4F /* Resources */,
				4F0D80443F8E22D07DE8F2FE /* [CP] Embed Pods Frameworks */,
			);
			buildRules = (
			);
			dependencies = (
			);
			name = "Wiki-Prac";
			productName = "Wiki-Prac";
			productReference = B294B10222ABE70C002EDF4F /* Wiki-Prac.app */;
			productType = "com.apple.product-type.application";
		};
		B294B11522ABE70E002EDF4F /* Wiki-PracTests */ = {
			isa = PBXNativeTarget;
			buildConfigurationList = B294B12D22ABE70E002EDF4F /* Build configuration list for PBXNativeTarget "Wiki-PracTests" */;
			buildPhases = (
				E7EF1F550A8366314A40A7A9 /* [CP] Check Pods Manifest.lock */,
				B294B11222ABE70E002EDF4F /* Sources */,
				B294B11322ABE70E002EDF4F /* Frameworks */,
				B294B11422ABE70E002EDF4F /* Resources */,
				F5AFF834CFB2618E8F23E5C2 /* [CP] Embed Pods Frameworks */,
			);
			buildRules = (
			);
			dependencies = (
				B294B11822ABE70E002EDF4F /* PBXTargetDependency */,
			);
			name = "Wiki-PracTests";
			productName = "Wiki-PracTests";
			productReference = B294B11622ABE70E002EDF4F /* Wiki-PracTests.xctest */;
			productType = "com.apple.product-type.bundle.unit-test";
		};
		B294B12022ABE70E002EDF4F /* Wiki-PracUITests */ = {
			isa = PBXNativeTarget;
			buildConfigurationList = B294B13022ABE70E002EDF4F /* Build configuration list for PBXNativeTarget "Wiki-PracUITests" */;
			buildPhases = (
				11F6C9AFF2429F86667CBE22 /* [CP] Check Pods Manifest.lock */,
				B294B11D22ABE70E002EDF4F /* Sources */,
				B294B11E22ABE70E002EDF4F /* Frameworks */,
				B294B11F22ABE70E002EDF4F /* Resources */,
				D03DA60F4EF09009FE60FB96 /* [CP] Embed Pods Frameworks */,
			);
			buildRules = (
			);
			dependencies = (
				B294B12322ABE70E002EDF4F /* PBXTargetDependency */,
			);
			name = "Wiki-PracUITests";
			productName = "Wiki-PracUITests";
			productReference = B294B12122ABE70E002EDF4F /* Wiki-PracUITests.xctest */;
			productType = "com.apple.product-type.bundle.ui-testing";
		};
/* End PBXNativeTarget section */

/* Begin PBXProject section */
		B294B0FA22ABE70C002EDF4F /* Project object */ = {
			isa = PBXProject;
			attributes = {
				LastSwiftUpdateCheck = 1020;
				LastUpgradeCheck = 1020;
				ORGANIZATIONNAME = "佐藤賢";
				TargetAttributes = {
					B294B10122ABE70C002EDF4F = {
						CreatedOnToolsVersion = 10.2.1;
					};
					B294B11522ABE70E002EDF4F = {
						CreatedOnToolsVersion = 10.2.1;
						TestTargetID = B294B10122ABE70C002EDF4F;
					};
					B294B12022ABE70E002EDF4F = {
						CreatedOnToolsVersion = 10.2.1;
						TestTargetID = B294B10122ABE70C002EDF4F;
					};
				};
			};
			buildConfigurationList = B294B0FD22ABE70C002EDF4F /* Build configuration list for PBXProject "Wiki-Prac" */;
			compatibilityVersion = "Xcode 9.3";
			developmentRegion = en;
			hasScannedForEncodings = 0;
			knownRegions = (
				en,
				Base,
			);
			mainGroup = B294B0F922ABE70C002EDF4F;
			productRefGroup = B294B10322ABE70C002EDF4F /* Products */;
			projectDirPath = "";
			projectRoot = "";
			targets = (
				B294B10122ABE70C002EDF4F /* Wiki-Prac */,
				B294B11522ABE70E002EDF4F /* Wiki-PracTests */,
				B294B12022ABE70E002EDF4F /* Wiki-PracUITests */,
			);
		};
/* End PBXProject section */

/* Begin PBXResourcesBuildPhase section */
		B294B10022ABE70C002EDF4F /* Resources */ = {
			isa = PBXResourcesBuildPhase;
			buildActionMask = 2147483647;
			files = (
				B294B11022ABE70D002EDF4F /* LaunchScreen.storyboard in Resources */,
				B294B10D22ABE70D002EDF4F /* Assets.xcassets in Resources */,
				B294B10B22ABE70C002EDF4F /* Main.storyboard in Resources */,
			);
			runOnlyForDeploymentPostprocessing = 0;
		};
		B294B11422ABE70E002EDF4F /* Resources */ = {
			isa = PBXResourcesBuildPhase;
			buildActionMask = 2147483647;
			files = (
			);
			runOnlyForDeploymentPostprocessing = 0;
		};
		B294B11F22ABE70E002EDF4F /* Resources */ = {
			isa = PBXResourcesBuildPhase;
			buildActionMask = 2147483647;
			files = (
			);
			runOnlyForDeploymentPostprocessing = 0;
		};
/* End PBXResourcesBuildPhase section */

/* Begin PBXShellScriptBuildPhase section */
		08AE6B659B746895266C4782 /* [CP] Check Pods Manifest.lock */ = {
			isa = PBXShellScriptBuildPhase;
			buildActionMask = 2147483647;
			files = (
			);
			inputFileListPaths = (
			);
			inputPaths = (
				"${PODS_PODFILE_DIR_PATH}/Podfile.lock",
				"${PODS_ROOT}/Manifest.lock",
			);
			name = "[CP] Check Pods Manifest.lock";
			outputFileListPaths = (
			);
			outputPaths = (
				"$(DERIVED_FILE_DIR)/Pods-Wiki-Prac-checkManifestLockResult.txt",
			);
			runOnlyForDeploymentPostprocessing = 0;
			shellPath = /bin/sh;
			shellScript = "diff \"${PODS_PODFILE_DIR_PATH}/Podfile.lock\" \"${PODS_ROOT}/Manifest.lock\" > /dev/null\nif [ $? != 0 ] ; then\n    # print error to STDERR\n    echo \"error: The sandbox is not in sync with the Podfile.lock. Run 'pod install' or update your CocoaPods installation.\" >&2\n    exit 1\nfi\n# This output is used by Xcode 'outputs' to avoid re-running this script phase.\necho \"SUCCESS\" > \"${SCRIPT_OUTPUT_FILE_0}\"\n";
			showEnvVarsInLog = 0;
		};
		11F6C9AFF2429F86667CBE22 /* [CP] Check Pods Manifest.lock */ = {
			isa = PBXShellScriptBuildPhase;
			buildActionMask = 2147483647;
			files = (
			);
			inputFileListPaths = (
			);
			inputPaths = (
				"${PODS_PODFILE_DIR_PATH}/Podfile.lock",
				"${PODS_ROOT}/Manifest.lock",
			);
			name = "[CP] Check Pods Manifest.lock";
			outputFileListPaths = (
			);
			outputPaths = (
				"$(DERIVED_FILE_DIR)/Pods-Wiki-PracUITests-checkManifestLockResult.txt",
			);
			runOnlyForDeploymentPostprocessing = 0;
			shellPath = /bin/sh;
			shellScript = "diff \"${PODS_PODFILE_DIR_PATH}/Podfile.lock\" \"${PODS_ROOT}/Manifest.lock\" > /dev/null\nif [ $? != 0 ] ; then\n    # print error to STDERR\n    echo \"error: The sandbox is not in sync with the Podfile.lock. Run 'pod install' or update your CocoaPods installation.\" >&2\n    exit 1\nfi\n# This output is used by Xcode 'outputs' to avoid re-running this script phase.\necho \"SUCCESS\" > \"${SCRIPT_OUTPUT_FILE_0}\"\n";
			showEnvVarsInLog = 0;
		};
		4F0D80443F8E22D07DE8F2FE /* [CP] Embed Pods Frameworks */ = {
			isa = PBXShellScriptBuildPhase;
			buildActionMask = 2147483647;
			files = (
			);
			inputFileListPaths = (
				"${PODS_ROOT}/Target Support Files/Pods-Wiki-Prac/Pods-Wiki-Prac-frameworks-${CONFIGURATION}-input-files.xcfilelist",
			);
			name = "[CP] Embed Pods Frameworks";
			outputFileListPaths = (
				"${PODS_ROOT}/Target Support Files/Pods-Wiki-Prac/Pods-Wiki-Prac-frameworks-${CONFIGURATION}-output-files.xcfilelist",
			);
			runOnlyForDeploymentPostprocessing = 0;
			shellPath = /bin/sh;
			shellScript = "\"${PODS_ROOT}/Target Support Files/Pods-Wiki-Prac/Pods-Wiki-Prac-frameworks.sh\"\n";
			showEnvVarsInLog = 0;
		};
		D03DA60F4EF09009FE60FB96 /* [CP] Embed Pods Frameworks */ = {
			isa = PBXShellScriptBuildPhase;
			buildActionMask = 2147483647;
			files = (
			);
			inputFileListPaths = (
				"${PODS_ROOT}/Target Support Files/Pods-Wiki-PracUITests/Pods-Wiki-PracUITests-frameworks-${CONFIGURATION}-input-files.xcfilelist",
			);
			name = "[CP] Embed Pods Frameworks";
			outputFileListPaths = (
				"${PODS_ROOT}/Target Support Files/Pods-Wiki-PracUITests/Pods-Wiki-PracUITests-frameworks-${CONFIGURATION}-output-files.xcfilelist",
			);
			runOnlyForDeploymentPostprocessing = 0;
			shellPath = /bin/sh;
			shellScript = "\"${PODS_ROOT}/Target Support Files/Pods-Wiki-PracUITests/Pods-Wiki-PracUITests-frameworks.sh\"\n";
			showEnvVarsInLog = 0;
		};
		E7EF1F550A8366314A40A7A9 /* [CP] Check Pods Manifest.lock */ = {
			isa = PBXShellScriptBuildPhase;
			buildActionMask = 2147483647;
			files = (
			);
			inputFileListPaths = (
			);
			inputPaths = (
				"${PODS_PODFILE_DIR_PATH}/Podfile.lock",
				"${PODS_ROOT}/Manifest.lock",
			);
			name = "[CP] Check Pods Manifest.lock";
			outputFileListPaths = (
			);
			outputPaths = (
				"$(DERIVED_FILE_DIR)/Pods-Wiki-PracTests-checkManifestLockResult.txt",
			);
			runOnlyForDeploymentPostprocessing = 0;
			shellPath = /bin/sh;
			shellScript = "diff \"${PODS_PODFILE_DIR_PATH}/Podfile.lock\" \"${PODS_ROOT}/Manifest.lock\" > /dev/null\nif [ $? != 0 ] ; then\n    # print error to STDERR\n    echo \"error: The sandbox is not in sync with the Podfile.lock. Run 'pod install' or update your CocoaPods installation.\" >&2\n    exit 1\nfi\n# This output is used by Xcode 'outputs' to avoid re-running this script phase.\necho \"SUCCESS\" > \"${SCRIPT_OUTPUT_FILE_0}\"\n";
			showEnvVarsInLog = 0;
		};
		F5AFF834CFB2618E8F23E5C2 /* [CP] Embed Pods Frameworks */ = {
			isa = PBXShellScriptBuildPhase;
			buildActionMask = 2147483647;
			files = (
			);
			inputFileListPaths = (
				"${PODS_ROOT}/Target Support Files/Pods-Wiki-PracTests/Pods-Wiki-PracTests-frameworks-${CONFIGURATION}-input-files.xcfilelist",
			);
			name = "[CP] Embed Pods Frameworks";
			outputFileListPaths = (
				"${PODS_ROOT}/Target Support Files/Pods-Wiki-PracTests/Pods-Wiki-PracTests-frameworks-${CONFIGURATION}-output-files.xcfilelist",
			);
			runOnlyForDeploymentPostprocessing = 0;
			shellPath = /bin/sh;
			shellScript = "\"${PODS_ROOT}/Target Support Files/Pods-Wiki-PracTests/Pods-Wiki-PracTests-frameworks.sh\"\n";
			showEnvVarsInLog = 0;
		};
/* End PBXShellScriptBuildPhase section */

/* Begin PBXSourcesBuildPhase section */
		B294B0FE22ABE70C002EDF4F /* Sources */ = {
			isa = PBXSourcesBuildPhase;
			buildActionMask = 2147483647;
			files = (
				B2F0148822ABEB7500FAD900 /* WikipediaSearchResponse.swift in Sources */,
				B294B10622ABE70C002EDF4F /* AppDelegate.swift in Sources */,
				B2F0148A22ABF0A100FAD900 /* WikipediaAPI.swift in Sources */,
				B2F0148C22ACE7A400FAD900 /* ObservableType+ex.swift in Sources */,
				B2F0149022ACF24D00FAD900 /* MockWikipediaAPI.swift in Sources */,
				B2F0148622ABEAEB00FAD900 /* WikipediaSearchViewModel.swift in Sources */,
				B2F0148422ABE94000FAD900 /* WikipediaSearchViewController.swift in Sources */,
			);
			runOnlyForDeploymentPostprocessing = 0;
		};
		B294B11222ABE70E002EDF4F /* Sources */ = {
			isa = PBXSourcesBuildPhase;
			buildActionMask = 2147483647;
			files = (
				B2F0148E22ACEF1E00FAD900 /* WikipediaSearchResultDecodableTests.swift in Sources */,
				B294B11B22ABE70E002EDF4F /* Wiki_PracTests.swift in Sources */,
				B2F0149222ACF35300FAD900 /* ViewModelTests.swift in Sources */,
			);
			runOnlyForDeploymentPostprocessing = 0;
		};
		B294B11D22ABE70E002EDF4F /* Sources */ = {
			isa = PBXSourcesBuildPhase;
			buildActionMask = 2147483647;
			files = (
				B294B12622ABE70E002EDF4F /* Wiki_PracUITests.swift in Sources */,
			);
			runOnlyForDeploymentPostprocessing = 0;
		};
/* End PBXSourcesBuildPhase section */

/* Begin PBXTargetDependency section */
		B294B11822ABE70E002EDF4F /* PBXTargetDependency */ = {
			isa = PBXTargetDependency;
			target = B294B10122ABE70C002EDF4F /* Wiki-Prac */;
			targetProxy = B294B11722ABE70E002EDF4F /* PBXContainerItemProxy */;
		};
		B294B12322ABE70E002EDF4F /* PBXTargetDependency */ = {
			isa = PBXTargetDependency;
			target = B294B10122ABE70C002EDF4F /* Wiki-Prac */;
			targetProxy = B294B12222ABE70E002EDF4F /* PBXContainerItemProxy */;
		};
/* End PBXTargetDependency section */

/* Begin PBXVariantGroup section */
		B294B10922ABE70C002EDF4F /* Main.storyboard */ = {
			isa = PBXVariantGroup;
			children = (
				B294B10A22ABE70C002EDF4F /* Base */,
			);
			name = Main.storyboard;
			sourceTree = "<group>";
		};
		B294B10E22ABE70D002EDF4F /* LaunchScreen.storyboard */ = {
			isa = PBXVariantGroup;
			children = (
				B294B10F22ABE70D002EDF4F /* Base */,
			);
			name = LaunchScreen.storyboard;
			sourceTree = "<group>";
		};
/* End PBXVariantGroup section */

/* Begin XCBuildConfiguration section */
		B294B12822ABE70E002EDF4F /* Debug */ = {
			isa = XCBuildConfiguration;
			buildSettings = {
				ALWAYS_EMBED_SWIFT_STANDARD_LIBRARIES = "$(inherited)";
				ALWAYS_SEARCH_USER_PATHS = NO;
				CLANG_ANALYZER_NONNULL = YES;
				CLANG_ANALYZER_NUMBER_OBJECT_CONVERSION = YES_AGGRESSIVE;
				CLANG_CXX_LANGUAGE_STANDARD = "gnu++14";
				CLANG_CXX_LIBRARY = "libc++";
				CLANG_ENABLE_MODULES = YES;
				CLANG_ENABLE_OBJC_ARC = YES;
				CLANG_ENABLE_OBJC_WEAK = YES;
				CLANG_WARN_BLOCK_CAPTURE_AUTORELEASING = YES;
				CLANG_WARN_BOOL_CONVERSION = YES;
				CLANG_WARN_COMMA = YES;
				CLANG_WARN_CONSTANT_CONVERSION = YES;
				CLANG_WARN_DEPRECATED_OBJC_IMPLEMENTATIONS = YES;
				CLANG_WARN_DIRECT_OBJC_ISA_USAGE = YES_ERROR;
				CLANG_WARN_DOCUMENTATION_COMMENTS = YES;
				CLANG_WARN_EMPTY_BODY = YES;
				CLANG_WARN_ENUM_CONVERSION = YES;
				CLANG_WARN_INFINITE_RECURSION = YES;
				CLANG_WARN_INT_CONVERSION = YES;
				CLANG_WARN_NON_LITERAL_NULL_CONVERSION = YES;
				CLANG_WARN_OBJC_IMPLICIT_RETAIN_SELF = YES;
				CLANG_WARN_OBJC_LITERAL_CONVERSION = YES;
				CLANG_WARN_OBJC_ROOT_CLASS = YES_ERROR;
				CLANG_WARN_RANGE_LOOP_ANALYSIS = YES;
				CLANG_WARN_STRICT_PROTOTYPES = YES;
				CLANG_WARN_SUSPICIOUS_MOVE = YES;
				CLANG_WARN_UNGUARDED_AVAILABILITY = YES_AGGRESSIVE;
				CLANG_WARN_UNREACHABLE_CODE = YES;
				CLANG_WARN__DUPLICATE_METHOD_MATCH = YES;
				CODE_SIGN_IDENTITY = "iPhone Developer";
				COPY_PHASE_STRIP = NO;
				DEBUG_INFORMATION_FORMAT = dwarf;
				ENABLE_STRICT_OBJC_MSGSEND = YES;
				ENABLE_TESTABILITY = YES;
				GCC_C_LANGUAGE_STANDARD = gnu11;
				GCC_DYNAMIC_NO_PIC = NO;
				GCC_NO_COMMON_BLOCKS = YES;
				GCC_OPTIMIZATION_LEVEL = 0;
				GCC_PREPROCESSOR_DEFINITIONS = (
					"DEBUG=1",
					"$(inherited)",
				);
				GCC_WARN_64_TO_32_BIT_CONVERSION = YES;
				GCC_WARN_ABOUT_RETURN_TYPE = YES_ERROR;
				GCC_WARN_UNDECLARED_SELECTOR = YES;
				GCC_WARN_UNINITIALIZED_AUTOS = YES_AGGRESSIVE;
				GCC_WARN_UNUSED_FUNCTION = YES;
				GCC_WARN_UNUSED_VARIABLE = YES;
				IPHONEOS_DEPLOYMENT_TARGET = 12.1;
				MTL_ENABLE_DEBUG_INFO = INCLUDE_SOURCE;
				MTL_FAST_MATH = YES;
				ONLY_ACTIVE_ARCH = YES;
				SDKROOT = iphoneos;
				SWIFT_ACTIVE_COMPILATION_CONDITIONS = DEBUG;
				SWIFT_OPTIMIZATION_LEVEL = "-Onone";
			};
			name = Debug;
		};
		B294B12922ABE70E002EDF4F /* Release */ = {
			isa = XCBuildConfiguration;
			buildSettings = {
				ALWAYS_EMBED_SWIFT_STANDARD_LIBRARIES = "$(inherited)";
				ALWAYS_SEARCH_USER_PATHS = NO;
				CLANG_ANALYZER_NONNULL = YES;
				CLANG_ANALYZER_NUMBER_OBJECT_CONVERSION = YES_AGGRESSIVE;
				CLANG_CXX_LANGUAGE_STANDARD = "gnu++14";
				CLANG_CXX_LIBRARY = "libc++";
				CLANG_ENABLE_MODULES = YES;
				CLANG_ENABLE_OBJC_ARC = YES;
				CLANG_ENABLE_OBJC_WEAK = YES;
				CLANG_WARN_BLOCK_CAPTURE_AUTORELEASING = YES;
				CLANG_WARN_BOOL_CONVERSION = YES;
				CLANG_WARN_COMMA = YES;
				CLANG_WARN_CONSTANT_CONVERSION = YES;
				CLANG_WARN_DEPRECATED_OBJC_IMPLEMENTATIONS = YES;
				CLANG_WARN_DIRECT_OBJC_ISA_USAGE = YES_ERROR;
				CLANG_WARN_DOCUMENTATION_COMMENTS = YES;
				CLANG_WARN_EMPTY_BODY = YES;
				CLANG_WARN_ENUM_CONVERSION = YES;
				CLANG_WARN_INFINITE_RECURSION = YES;
				CLANG_WARN_INT_CONVERSION = YES;
				CLANG_WARN_NON_LITERAL_NULL_CONVERSION = YES;
				CLANG_WARN_OBJC_IMPLICIT_RETAIN_SELF = YES;
				CLANG_WARN_OBJC_LITERAL_CONVERSION = YES;
				CLANG_WARN_OBJC_ROOT_CLASS = YES_ERROR;
				CLANG_WARN_RANGE_LOOP_ANALYSIS = YES;
				CLANG_WARN_STRICT_PROTOTYPES = YES;
				CLANG_WARN_SUSPICIOUS_MOVE = YES;
				CLANG_WARN_UNGUARDED_AVAILABILITY = YES_AGGRESSIVE;
				CLANG_WARN_UNREACHABLE_CODE = YES;
				CLANG_WARN__DUPLICATE_METHOD_MATCH = YES;
				CODE_SIGN_IDENTITY = "iPhone Developer";
				COPY_PHASE_STRIP = NO;
				DEBUG_INFORMATION_FORMAT = "dwarf-with-dsym";
				ENABLE_NS_ASSERTIONS = NO;
				ENABLE_STRICT_OBJC_MSGSEND = YES;
				GCC_C_LANGUAGE_STANDARD = gnu11;
				GCC_NO_COMMON_BLOCKS = YES;
				GCC_WARN_64_TO_32_BIT_CONVERSION = YES;
				GCC_WARN_ABOUT_RETURN_TYPE = YES_ERROR;
				GCC_WARN_UNDECLARED_SELECTOR = YES;
				GCC_WARN_UNINITIALIZED_AUTOS = YES_AGGRESSIVE;
				GCC_WARN_UNUSED_FUNCTION = YES;
				GCC_WARN_UNUSED_VARIABLE = YES;
				IPHONEOS_DEPLOYMENT_TARGET = 12.1;
				MTL_ENABLE_DEBUG_INFO = NO;
				MTL_FAST_MATH = YES;
				SDKROOT = iphoneos;
				SWIFT_COMPILATION_MODE = wholemodule;
				SWIFT_OPTIMIZATION_LEVEL = "-O";
				VALIDATE_PRODUCT = YES;
			};
			name = Release;
		};
		B294B12B22ABE70E002EDF4F /* Debug */ = {
			isa = XCBuildConfiguration;
			baseConfigurationReference = DFB04B68350957D4D467E44E /* Pods-Wiki-Prac.debug.xcconfig */;
			buildSettings = {
				ALWAYS_EMBED_SWIFT_STANDARD_LIBRARIES = "$(inherited)";
				ASSETCATALOG_COMPILER_APPICON_NAME = AppIcon;
				CODE_SIGN_STYLE = Automatic;
				DEVELOPMENT_TEAM = JL94BNBL3S;
				INFOPLIST_FILE = "Wiki-Prac/Info.plist";
				IPHONEOS_DEPLOYMENT_TARGET = 12.1;
				LD_RUNPATH_SEARCH_PATHS = (
					"$(inherited)",
					"@executable_path/Frameworks",
				);
				PRODUCT_BUNDLE_IDENTIFIER = "ken.Wiki-Prac";
				PRODUCT_NAME = "$(TARGET_NAME)";
				SWIFT_VERSION = 5.0;
				TARGETED_DEVICE_FAMILY = "1,2";
			};
			name = Debug;
		};
		B294B12C22ABE70E002EDF4F /* Release */ = {
			isa = XCBuildConfiguration;
			baseConfigurationReference = 73D501FAF723905EB18E0102 /* Pods-Wiki-Prac.release.xcconfig */;
			buildSettings = {
				ALWAYS_EMBED_SWIFT_STANDARD_LIBRARIES = "$(inherited)";
				ASSETCATALOG_COMPILER_APPICON_NAME = AppIcon;
				CODE_SIGN_STYLE = Automatic;
				DEVELOPMENT_TEAM = JL94BNBL3S;
				INFOPLIST_FILE = "Wiki-Prac/Info.plist";
				IPHONEOS_DEPLOYMENT_TARGET = 12.1;
				LD_RUNPATH_SEARCH_PATHS = (
					"$(inherited)",
					"@executable_path/Frameworks",
				);
				PRODUCT_BUNDLE_IDENTIFIER = "ken.Wiki-Prac";
				PRODUCT_NAME = "$(TARGET_NAME)";
				SWIFT_VERSION = 5.0;
				TARGETED_DEVICE_FAMILY = "1,2";
			};
			name = Release;
		};
		B294B12E22ABE70E002EDF4F /* Debug */ = {
			isa = XCBuildConfiguration;
			baseConfigurationReference = EB83CE68442A90BA51E1885C /* Pods-Wiki-PracTests.debug.xcconfig */;
			buildSettings = {
				ALWAYS_EMBED_SWIFT_STANDARD_LIBRARIES = "$(inherited)";
				BUNDLE_LOADER = "$(TEST_HOST)";
				CODE_SIGN_STYLE = Automatic;
				DEVELOPMENT_TEAM = JL94BNBL3S;
				INFOPLIST_FILE = "Wiki-PracTests/Info.plist";
				LD_RUNPATH_SEARCH_PATHS = (
					"$(inherited)",
					"@executable_path/Frameworks",
					"@loader_path/Frameworks",
				);
				PRODUCT_BUNDLE_IDENTIFIER = "ken.Wiki-PracTests";
				PRODUCT_NAME = "$(TARGET_NAME)";
				SWIFT_VERSION = 5.0;
				TARGETED_DEVICE_FAMILY = "1,2";
				TEST_HOST = "$(BUILT_PRODUCTS_DIR)/Wiki-Prac.app/Wiki-Prac";
			};
			name = Debug;
		};
		B294B12F22ABE70E002EDF4F /* Release */ = {
			isa = XCBuildConfiguration;
			baseConfigurationReference = D57DC2596843454D49E990BD /* Pods-Wiki-PracTests.release.xcconfig */;
			buildSettings = {
				ALWAYS_EMBED_SWIFT_STANDARD_LIBRARIES = "$(inherited)";
				BUNDLE_LOADER = "$(TEST_HOST)";
				CODE_SIGN_STYLE = Automatic;
				DEVELOPMENT_TEAM = JL94BNBL3S;
				INFOPLIST_FILE = "Wiki-PracTests/Info.plist";
				LD_RUNPATH_SEARCH_PATHS = (
					"$(inherited)",
					"@executable_path/Frameworks",
					"@loader_path/Frameworks",
				);
				PRODUCT_BUNDLE_IDENTIFIER = "ken.Wiki-PracTests";
				PRODUCT_NAME = "$(TARGET_NAME)";
				SWIFT_VERSION = 5.0;
				TARGETED_DEVICE_FAMILY = "1,2";
				TEST_HOST = "$(BUILT_PRODUCTS_DIR)/Wiki-Prac.app/Wiki-Prac";
			};
			name = Release;
		};
		B294B13122ABE70E002EDF4F /* Debug */ = {
			isa = XCBuildConfiguration;
			baseConfigurationReference = A6F1FC55FF81AC79AA745186 /* Pods-Wiki-PracUITests.debug.xcconfig */;
			buildSettings = {
				ALWAYS_EMBED_SWIFT_STANDARD_LIBRARIES = "$(inherited)";
				CODE_SIGN_STYLE = Automatic;
				DEVELOPMENT_TEAM = JL94BNBL3S;
				INFOPLIST_FILE = "Wiki-PracUITests/Info.plist";
				LD_RUNPATH_SEARCH_PATHS = (
					"$(inherited)",
					"@executable_path/Frameworks",
					"@loader_path/Frameworks",
				);
				PRODUCT_BUNDLE_IDENTIFIER = "ken.Wiki-PracUITests";
				PRODUCT_NAME = "$(TARGET_NAME)";
				SWIFT_VERSION = 5.0;
				TARGETED_DEVICE_FAMILY = "1,2";
				TEST_TARGET_NAME = "Wiki-Prac";
			};
			name = Debug;
		};
		B294B13222ABE70E002EDF4F /* Release */ = {
			isa = XCBuildConfiguration;
			baseConfigurationReference = 3CEA7BBFFA710FA1249DE2E0 /* Pods-Wiki-PracUITests.release.xcconfig */;
			buildSettings = {
				ALWAYS_EMBED_SWIFT_STANDARD_LIBRARIES = "$(inherited)";
				CODE_SIGN_STYLE = Automatic;
				DEVELOPMENT_TEAM = JL94BNBL3S;
				INFOPLIST_FILE = "Wiki-PracUITests/Info.plist";
				LD_RUNPATH_SEARCH_PATHS = (
					"$(inherited)",
					"@executable_path/Frameworks",
					"@loader_path/Frameworks",
				);
				PRODUCT_BUNDLE_IDENTIFIER = "ken.Wiki-PracUITests";
				PRODUCT_NAME = "$(TARGET_NAME)";
				SWIFT_VERSION = 5.0;
				TARGETED_DEVICE_FAMILY = "1,2";
				TEST_TARGET_NAME = "Wiki-Prac";
			};
			name = Release;
		};
/* End XCBuildConfiguration section */

/* Begin XCConfigurationList section */
		B294B0FD22ABE70C002EDF4F /* Build configuration list for PBXProject "Wiki-Prac" */ = {
			isa = XCConfigurationList;
			buildConfigurations = (
				B294B12822ABE70E002EDF4F /* Debug */,
				B294B12922ABE70E002EDF4F /* Release */,
			);
			defaultConfigurationIsVisible = 0;
			defaultConfigurationName = Release;
		};
		B294B12A22ABE70E002EDF4F /* Build configuration list for PBXNativeTarget "Wiki-Prac" */ = {
			isa = XCConfigurationList;
			buildConfigurations = (
				B294B12B22ABE70E002EDF4F /* Debug */,
				B294B12C22ABE70E002EDF4F /* Release */,
			);
			defaultConfigurationIsVisible = 0;
			defaultConfigurationName = Release;
		};
		B294B12D22ABE70E002EDF4F /* Build configuration list for PBXNativeTarget "Wiki-PracTests" */ = {
			isa = XCConfigurationList;
			buildConfigurations = (
				B294B12E22ABE70E002EDF4F /* Debug */,
				B294B12F22ABE70E002EDF4F /* Release */,
			);
			defaultConfigurationIsVisible = 0;
			defaultConfigurationName = Release;
		};
		B294B13022ABE70E002EDF4F /* Build configuration list for PBXNativeTarget "Wiki-PracUITests" */ = {
			isa = XCConfigurationList;
			buildConfigurations = (
				B294B13122ABE70E002EDF4F /* Debug */,
				B294B13222ABE70E002EDF4F /* Release */,
			);
			defaultConfigurationIsVisible = 0;
			defaultConfigurationName = Release;
		};
/* End XCConfigurationList section */
	};
	rootObject = B294B0FA22ABE70C002EDF4F /* Project object */;
}
